
Microsoft Visual Studio Solution File, Format Version 12.00
# Visual Studio Version 17
VisualStudioVersion = 17.13.35828.75
MinimumVisualStudioVersion = 10.0.40219.1
Project("{FAE04EC0-301F-11D3-BF4B-00C04F79EFBC}") = "PoolApp", "PoolApp.csproj", "{167863E9-FC2D-4390-87D1-3B891922E05C}"
EndProject
Global
	GlobalSection(SolutionConfigurationPlatforms) = preSolution
		Debug|Any CPU = Debug|Any CPU
		Release|Any CPU = Release|Any CPU
	EndGlobalSection
	GlobalSection(ProjectConfigurationPlatforms) = postSolution
		{167863E9-FC2D-4390-87D1-3B891922E05C}.Debug|Any CPU.ActiveCfg = Debug|Any CPU
		{167863E9-FC2D-4390-87D1-3B891922E05C}.Debug|Any CPU.Build.0 = Debug|Any CPU
		{167863E9-FC2D-4390-87D1-3B891922E05C}.Release|Any CPU.ActiveCfg = Release|Any CPU
		{167863E9-FC2D-4390-87D1-3B891922E05C}.Release|Any CPU.Build.0 = Release|Any CPU
	EndGlobalSection
	GlobalSection(SolutionProperties) = preSolution
		HideSolutionNode = FALSE
	EndGlobalSection
	GlobalSection(ExtensibilityGlobals) = postSolution
		SolutionGuid = {BD95489B-3267-4F2A-AE26-D1B94E94EBAC}
	EndGlobalSection
EndGlobal
